
Microsoft Visual Studio Solution File, Format Version 12.00
Project("{FAE04EC0-301F-11D3-BF4B-00C04F79EFBC}") = "CSScriptingLang", "CSScriptingLang\CSScriptingLang.csproj", "{0867DBEF-42FE-4881-BBE0-DC547A9CE97A}"
EndProject
Project("{FAE04EC0-301F-11D3-BF4B-00C04F79EFBC}") = "CSScriptingLangGenerators", "CSScriptingLangGenerators\CSScriptingLangGenerators\CSScriptingLangGenerators.csproj", "{90562816-BC9E-476C-B4D2-D74633419E40}"
EndProject
Project("{FAE04EC0-301F-11D3-BF4B-00C04F79EFBC}") = "CSScriptingLangGenerators.Tests", "CSScriptingLangGenerators\CSScriptingLangGenerators.Tests\CSScriptingLangGenerators.Tests.csproj", "{1D00231A-9CBC-4CBC-92D7-BFF38F82CCF5}"
EndProject
Project("{FAE04EC0-301F-11D3-BF4B-00C04F79EFBC}") = "LanguageTests", "LanguageTests\LanguageTests.csproj", "{EF6D755B-7704-4117-A584-92D7814F75D7}"
EndProject
Project("{FAE04EC0-301F-11D3-BF4B-00C04F79EFBC}") = "CSScriptingLang.Common", "CSScriptingLang.Common\CSScriptingLang.Common.csproj", "{B81D5C6D-7960-449F-83BF-894AA0EC02E3}"
EndProject
Project("{FAE04EC0-301F-11D3-BF4B-00C04F79EFBC}") = "CSScriptingLang.LSP", "CSScriptingLang.LSP\CSScriptingLang.LSP.csproj", "{BED9897F-2FB9-400B-853D-8AC9E9EB49A1}"
EndProject
Project("{FAE04EC0-301F-11D3-BF4B-00C04F79EFBC}") = "CSScriptingLang.BindingsMetaGenerator", "CSScriptingLang.BindingsMetaGenerator\CSScriptingLang.BindingsMetaGenerator.csproj", "{C69CA2AF-8DCD-4465-9594-E8B805BE0F5D}"
EndProject
Global
	GlobalSection(SolutionConfigurationPlatforms) = preSolution
		Debug|Any CPU = Debug|Any CPU
		Release|Any CPU = Release|Any CPU
	EndGlobalSection
	GlobalSection(ProjectConfigurationPlatforms) = postSolution
		{0867DBEF-42FE-4881-BBE0-DC547A9CE97A}.Debug|Any CPU.ActiveCfg = Debug|Any CPU
		{0867DBEF-42FE-4881-BBE0-DC547A9CE97A}.Debug|Any CPU.Build.0 = Debug|Any CPU
		{0867DBEF-42FE-4881-BBE0-DC547A9CE97A}.Release|Any CPU.ActiveCfg = Release|Any CPU
		{0867DBEF-42FE-4881-BBE0-DC547A9CE97A}.Release|Any CPU.Build.0 = Release|Any CPU
		{90562816-BC9E-476C-B4D2-D74633419E40}.Debug|Any CPU.ActiveCfg = Debug|Any CPU
		{90562816-BC9E-476C-B4D2-D74633419E40}.Debug|Any CPU.Build.0 = Debug|Any CPU
		{90562816-BC9E-476C-B4D2-D74633419E40}.Release|Any CPU.ActiveCfg = Release|Any CPU
		{90562816-BC9E-476C-B4D2-D74633419E40}.Release|Any CPU.Build.0 = Release|Any CPU
		{1D00231A-9CBC-4CBC-92D7-BFF38F82CCF5}.Debug|Any CPU.ActiveCfg = Debug|Any CPU
		{1D00231A-9CBC-4CBC-92D7-BFF38F82CCF5}.Debug|Any CPU.Build.0 = Debug|Any CPU
		{1D00231A-9CBC-4CBC-92D7-BFF38F82CCF5}.Release|Any CPU.ActiveCfg = Release|Any CPU
		{1D00231A-9CBC-4CBC-92D7-BFF38F82CCF5}.Release|Any CPU.Build.0 = Release|Any CPU
		{EF6D755B-7704-4117-A584-92D7814F75D7}.Debug|Any CPU.ActiveCfg = Debug|Any CPU
		{EF6D755B-7704-4117-A584-92D7814F75D7}.Debug|Any CPU.Build.0 = Debug|Any CPU
		{EF6D755B-7704-4117-A584-92D7814F75D7}.Release|Any CPU.ActiveCfg = Release|Any CPU
		{EF6D755B-7704-4117-A584-92D7814F75D7}.Release|Any CPU.Build.0 = Release|Any CPU
		{B81D5C6D-7960-449F-83BF-894AA0EC02E3}.Debug|Any CPU.ActiveCfg = Debug|Any CPU
		{B81D5C6D-7960-449F-83BF-894AA0EC02E3}.Debug|Any CPU.Build.0 = Debug|Any CPU
		{B81D5C6D-7960-449F-83BF-894AA0EC02E3}.Release|Any CPU.ActiveCfg = Release|Any CPU
		{B81D5C6D-7960-449F-83BF-894AA0EC02E3}.Release|Any CPU.Build.0 = Release|Any CPU
		{BED9897F-2FB9-400B-853D-8AC9E9EB49A1}.Debug|Any CPU.ActiveCfg = Debug|Any CPU
		{BED9897F-2FB9-400B-853D-8AC9E9EB49A1}.Debug|Any CPU.Build.0 = Debug|Any CPU
		{BED9897F-2FB9-400B-853D-8AC9E9EB49A1}.Release|Any CPU.ActiveCfg = Release|Any CPU
		{BED9897F-2FB9-400B-853D-8AC9E9EB49A1}.Release|Any CPU.Build.0 = Release|Any CPU
		{C69CA2AF-8DCD-4465-9594-E8B805BE0F5D}.Debug|Any CPU.ActiveCfg = Debug|Any CPU
		{C69CA2AF-8DCD-4465-9594-E8B805BE0F5D}.Debug|Any CPU.Build.0 = Debug|Any CPU
		{C69CA2AF-8DCD-4465-9594-E8B805BE0F5D}.Release|Any CPU.ActiveCfg = Release|Any CPU
		{C69CA2AF-8DCD-4465-9594-E8B805BE0F5D}.Release|Any CPU.Build.0 = Release|Any CPU
	EndGlobalSection
EndGlobal
